// !$*UTF8*$!
{
	archiveVersion = 1;
	classes = {
	};
	objectVersion = 46;
	objects = {

/* Begin PBXBuildFile section */
		04DA60981B179CE500D9BCA2 /* libwkb-ios.a in Frameworks */ = {isa = PBXBuildFile; fileRef = 04DA608C1B179CE500D9BCA2 /* libwkb-ios.a */; };
		04DA60AB1B179E9200D9BCA2 /* WKBGeometryTypes.m in Sources */ = {isa = PBXBuildFile; fileRef = 04DA60AA1B179E9200D9BCA2 /* WKBGeometryTypes.m */; };
		04DA60AE1B179EC600D9BCA2 /* WKBByteOrderTypes.m in Sources */ = {isa = PBXBuildFile; fileRef = 04DA60AD1B179EC600D9BCA2 /* WKBByteOrderTypes.m */; };
		04DA60B11B179EEA00D9BCA2 /* WKBByteReader.m in Sources */ = {isa = PBXBuildFile; fileRef = 04DA60B01B179EEA00D9BCA2 /* WKBByteReader.m */; };
		04DA60B41B179F0900D9BCA2 /* WKBByteWriter.m in Sources */ = {isa = PBXBuildFile; fileRef = 04DA60B31B179F0900D9BCA2 /* WKBByteWriter.m */; };
/* End PBXBuildFile section */

/* Begin PBXContainerItemProxy section */
		04DA60991B179CE500D9BCA2 /* PBXContainerItemProxy */ = {
			isa = PBXContainerItemProxy;
			containerPortal = 04DA60841B179CE500D9BCA2 /* Project object */;
			proxyType = 1;
			remoteGlobalIDString = 04DA608B1B179CE500D9BCA2;
			remoteInfo = "wkb-ios";
		};
/* End PBXContainerItemProxy section */

/* Begin PBXCopyFilesBuildPhase section */
		04DA608A1B179CE500D9BCA2 /* CopyFiles */ = {
			isa = PBXCopyFilesBuildPhase;
			buildActionMask = 2147483647;
			dstPath = "include/$(PRODUCT_NAME)";
			dstSubfolderSpec = 16;
			files = (
			);
			runOnlyForDeploymentPostprocessing = 0;
		};
/* End PBXCopyFilesBuildPhase section */

/* Begin PBXFileReference section */
		04DA608C1B179CE500D9BCA2 /* libwkb-ios.a */ = {isa = PBXFileReference; explicitFileType = archive.ar; includeInIndex = 0; path = "libwkb-ios.a"; sourceTree = BUILT_PRODUCTS_DIR; };
		04DA60971B179CE500D9BCA2 /* wkb-iosTests.xctest */ = {isa = PBXFileReference; explicitFileType = wrapper.cfbundle; includeInIndex = 0; path = "wkb-iosTests.xctest"; sourceTree = BUILT_PRODUCTS_DIR; };
		04DA609D1B179CE500D9BCA2 /* Info.plist */ = {isa = PBXFileReference; lastKnownFileType = text.plist.xml; path = Info.plist; sourceTree = "<group>"; };
		04DA60A91B179E9200D9BCA2 /* WKBGeometryTypes.h */ = {isa = PBXFileReference; fileEncoding = 4; lastKnownFileType = sourcecode.c.h; path = WKBGeometryTypes.h; sourceTree = "<group>"; };
		04DA60AA1B179E9200D9BCA2 /* WKBGeometryTypes.m */ = {isa = PBXFileReference; fileEncoding = 4; lastKnownFileType = sourcecode.c.objc; path = WKBGeometryTypes.m; sourceTree = "<group>"; };
		04DA60AC1B179EC600D9BCA2 /* WKBByteOrderTypes.h */ = {isa = PBXFileReference; fileEncoding = 4; lastKnownFileType = sourcecode.c.h; path = WKBByteOrderTypes.h; sourceTree = "<group>"; };
		04DA60AD1B179EC600D9BCA2 /* WKBByteOrderTypes.m */ = {isa = PBXFileReference; fileEncoding = 4; lastKnownFileType = sourcecode.c.objc; path = WKBByteOrderTypes.m; sourceTree = "<group>"; };
		04DA60AF1B179EEA00D9BCA2 /* WKBByteReader.h */ = {isa = PBXFileReference; fileEncoding = 4; lastKnownFileType = sourcecode.c.h; path = WKBByteReader.h; sourceTree = "<group>"; };
		04DA60B01B179EEA00D9BCA2 /* WKBByteReader.m */ = {isa = PBXFileReference; fileEncoding = 4; lastKnownFileType = sourcecode.c.objc; path = WKBByteReader.m; sourceTree = "<group>"; };
		04DA60B21B179F0900D9BCA2 /* WKBByteWriter.h */ = {isa = PBXFileReference; fileEncoding = 4; lastKnownFileType = sourcecode.c.h; path = WKBByteWriter.h; sourceTree = "<group>"; };
		04DA60B31B179F0900D9BCA2 /* WKBByteWriter.m */ = {isa = PBXFileReference; fileEncoding = 4; lastKnownFileType = sourcecode.c.objc; path = WKBByteWriter.m; sourceTree = "<group>"; };
/* End PBXFileReference section */

/* Begin PBXFrameworksBuildPhase section */
		04DA60891B179CE500D9BCA2 /* Frameworks */ = {
			isa = PBXFrameworksBuildPhase;
			buildActionMask = 2147483647;
			files = (
			);
			runOnlyForDeploymentPostprocessing = 0;
		};
		04DA60941B179CE500D9BCA2 /* Frameworks */ = {
			isa = PBXFrameworksBuildPhase;
			buildActionMask = 2147483647;
			files = (
				04DA60981B179CE500D9BCA2 /* libwkb-ios.a in Frameworks */,
			);
			runOnlyForDeploymentPostprocessing = 0;
		};
/* End PBXFrameworksBuildPhase section */

/* Begin PBXGroup section */
		04DA60831B179CE500D9BCA2 = {
			isa = PBXGroup;
			children = (
				04DA608E1B179CE500D9BCA2 /* wkb-ios */,
				04DA609B1B179CE500D9BCA2 /* wkb-iosTests */,
				04DA608D1B179CE500D9BCA2 /* Products */,
			);
			sourceTree = "<group>";
		};
		04DA608D1B179CE500D9BCA2 /* Products */ = {
			isa = PBXGroup;
			children = (
				04DA608C1B179CE500D9BCA2 /* libwkb-ios.a */,
				04DA60971B179CE500D9BCA2 /* wkb-iosTests.xctest */,
			);
			name = Products;
			sourceTree = "<group>";
		};
		04DA608E1B179CE500D9BCA2 /* wkb-ios */ = {
			isa = PBXGroup;
			children = (
				04DA60A81B179E6B00D9BCA2 /* geom */,
				04DA60A71B179E6500D9BCA2 /* io */,
				04DA60A61B179E5D00D9BCA2 /* util */,
			);
			path = "wkb-ios";
			sourceTree = "<group>";
		};
		04DA609B1B179CE500D9BCA2 /* wkb-iosTests */ = {
			isa = PBXGroup;
			children = (
				04DA609C1B179CE500D9BCA2 /* Supporting Files */,
			);
			path = "wkb-iosTests";
			sourceTree = "<group>";
		};
		04DA609C1B179CE500D9BCA2 /* Supporting Files */ = {
			isa = PBXGroup;
			children = (
				04DA609D1B179CE500D9BCA2 /* Info.plist */,
			);
			name = "Supporting Files";
			sourceTree = "<group>";
		};
		04DA60A61B179E5D00D9BCA2 /* util */ = {
			isa = PBXGroup;
			children = (
			);
			path = util;
			sourceTree = "<group>";
		};
		04DA60A71B179E6500D9BCA2 /* io */ = {
			isa = PBXGroup;
			children = (
				04DA60AC1B179EC600D9BCA2 /* WKBByteOrderTypes.h */,
				04DA60AD1B179EC600D9BCA2 /* WKBByteOrderTypes.m */,
				04DA60AF1B179EEA00D9BCA2 /* WKBByteReader.h */,
				04DA60B01B179EEA00D9BCA2 /* WKBByteReader.m */,
				04DA60B21B179F0900D9BCA2 /* WKBByteWriter.h */,
				04DA60B31B179F0900D9BCA2 /* WKBByteWriter.m */,
			);
			path = io;
			sourceTree = "<group>";
		};
		04DA60A81B179E6B00D9BCA2 /* geom */ = {
			isa = PBXGroup;
			children = (
				04DA60A91B179E9200D9BCA2 /* WKBGeometryTypes.h */,
				04DA60AA1B179E9200D9BCA2 /* WKBGeometryTypes.m */,
			);
			path = geom;
			sourceTree = "<group>";
		};
/* End PBXGroup section */

/* Begin PBXNativeTarget section */
		04DA608B1B179CE500D9BCA2 /* wkb-ios */ = {
			isa = PBXNativeTarget;
			buildConfigurationList = 04DA60A01B179CE500D9BCA2 /* Build configuration list for PBXNativeTarget "wkb-ios" */;
			buildPhases = (
				04DA60881B179CE500D9BCA2 /* Sources */,
				04DA60891B179CE500D9BCA2 /* Frameworks */,
				04DA608A1B179CE500D9BCA2 /* CopyFiles */,
			);
			buildRules = (
			);
			dependencies = (
			);
			name = "wkb-ios";
			productName = "wkb-ios";
			productReference = 04DA608C1B179CE500D9BCA2 /* libwkb-ios.a */;
			productType = "com.apple.product-type.library.static";
		};
		04DA60961B179CE500D9BCA2 /* wkb-iosTests */ = {
			isa = PBXNativeTarget;
			buildConfigurationList = 04DA60A31B179CE500D9BCA2 /* Build configuration list for PBXNativeTarget "wkb-iosTests" */;
			buildPhases = (
				04DA60931B179CE500D9BCA2 /* Sources */,
				04DA60941B179CE500D9BCA2 /* Frameworks */,
				04DA60951B179CE500D9BCA2 /* Resources */,
			);
			buildRules = (
			);
			dependencies = (
				04DA609A1B179CE500D9BCA2 /* PBXTargetDependency */,
			);
			name = "wkb-iosTests";
			productName = "wkb-iosTests";
			productReference = 04DA60971B179CE500D9BCA2 /* wkb-iosTests.xctest */;
			productType = "com.apple.product-type.bundle.unit-test";
		};
/* End PBXNativeTarget section */

/* Begin PBXProject section */
		04DA60841B179CE500D9BCA2 /* Project object */ = {
			isa = PBXProject;
			attributes = {
				LastUpgradeCheck = 0630;
				ORGANIZATIONNAME = NGA;
				TargetAttributes = {
					04DA608B1B179CE500D9BCA2 = {
						CreatedOnToolsVersion = 6.3.1;
					};
					04DA60961B179CE500D9BCA2 = {
						CreatedOnToolsVersion = 6.3.1;
					};
				};
			};
			buildConfigurationList = 04DA60871B179CE500D9BCA2 /* Build configuration list for PBXProject "wkb-ios" */;
			compatibilityVersion = "Xcode 3.2";
			developmentRegion = English;
			hasScannedForEncodings = 0;
			knownRegions = (
				en,
			);
			mainGroup = 04DA60831B179CE500D9BCA2;
			productRefGroup = 04DA608D1B179CE500D9BCA2 /* Products */;
			projectDirPath = "";
			projectRoot = "";
			targets = (
				04DA608B1B179CE500D9BCA2 /* wkb-ios */,
				04DA60961B179CE500D9BCA2 /* wkb-iosTests */,
			);
		};
/* End PBXProject section */

/* Begin PBXResourcesBuildPhase section */
		04DA60951B179CE500D9BCA2 /* Resources */ = {
			isa = PBXResourcesBuildPhase;
			buildActionMask = 2147483647;
			files = (
			);
			runOnlyForDeploymentPostprocessing = 0;
		};
/* End PBXResourcesBuildPhase section */

/* Begin PBXSourcesBuildPhase section */
		04DA60881B179CE500D9BCA2 /* Sources */ = {
			isa = PBXSourcesBuildPhase;
			buildActionMask = 2147483647;
			files = (
				04DA60AB1B179E9200D9BCA2 /* WKBGeometryTypes.m in Sources */,
				04DA60B11B179EEA00D9BCA2 /* WKBByteReader.m in Sources */,
				04DA60AE1B179EC600D9BCA2 /* WKBByteOrderTypes.m in Sources */,
				04DA60B41B179F0900D9BCA2 /* WKBByteWriter.m in Sources */,
			);
			runOnlyForDeploymentPostprocessing = 0;
		};
		04DA60931B179CE500D9BCA2 /* Sources */ = {
			isa = PBXSourcesBuildPhase;
			buildActionMask = 2147483647;
			files = (
			);
			runOnlyForDeploymentPostprocessing = 0;
		};
/* End PBXSourcesBuildPhase section */

/* Begin PBXTargetDependency section */
		04DA609A1B179CE500D9BCA2 /* PBXTargetDependency */ = {
			isa = PBXTargetDependency;
			target = 04DA608B1B179CE500D9BCA2 /* wkb-ios */;
			targetProxy = 04DA60991B179CE500D9BCA2 /* PBXContainerItemProxy */;
		};
/* End PBXTargetDependency section */

/* Begin XCBuildConfiguration section */
		04DA609E1B179CE500D9BCA2 /* Debug */ = {
			isa = XCBuildConfiguration;
			buildSettings = {
				ALWAYS_SEARCH_USER_PATHS = NO;
				CLANG_CXX_LANGUAGE_STANDARD = "gnu++0x";
				CLANG_CXX_LIBRARY = "libc++";
				CLANG_ENABLE_MODULES = YES;
				CLANG_ENABLE_OBJC_ARC = YES;
				CLANG_WARN_BOOL_CONVERSION = YES;
				CLANG_WARN_CONSTANT_CONVERSION = YES;
				CLANG_WARN_DIRECT_OBJC_ISA_USAGE = YES_ERROR;
				CLANG_WARN_EMPTY_BODY = YES;
				CLANG_WARN_ENUM_CONVERSION = YES;
				CLANG_WARN_INT_CONVERSION = YES;
				CLANG_WARN_OBJC_ROOT_CLASS = YES_ERROR;
				CLANG_WARN_UNREACHABLE_CODE = YES;
				CLANG_WARN__DUPLICATE_METHOD_MATCH = YES;
				COPY_PHASE_STRIP = NO;
				DEBUG_INFORMATION_FORMAT = "dwarf-with-dsym";
				ENABLE_STRICT_OBJC_MSGSEND = YES;
				GCC_C_LANGUAGE_STANDARD = gnu99;
				GCC_DYNAMIC_NO_PIC = NO;
				GCC_NO_COMMON_BLOCKS = YES;
				GCC_OPTIMIZATION_LEVEL = 0;
				GCC_PREPROCESSOR_DEFINITIONS = (
					"DEBUG=1",
					"$(inherited)",
				);
				GCC_SYMBOLS_PRIVATE_EXTERN = NO;
				GCC_WARN_64_TO_32_BIT_CONVERSION = YES;
				GCC_WARN_ABOUT_RETURN_TYPE = YES_ERROR;
				GCC_WARN_UNDECLARED_SELECTOR = YES;
				GCC_WARN_UNINITIALIZED_AUTOS = YES_AGGRESSIVE;
				GCC_WARN_UNUSED_FUNCTION = YES;
				GCC_WARN_UNUSED_VARIABLE = YES;
				IPHONEOS_DEPLOYMENT_TARGET = 8.3;
				MTL_ENABLE_DEBUG_INFO = YES;
				ONLY_ACTIVE_ARCH = YES;
				SDKROOT = iphoneos;
			};
			name = Debug;
		};
		04DA609F1B179CE500D9BCA2 /* Release */ = {
			isa = XCBuildConfiguration;
			buildSettings = {
				ALWAYS_SEARCH_USER_PATHS = NO;
				CLANG_CXX_LANGUAGE_STANDARD = "gnu++0x";
				CLANG_CXX_LIBRARY = "libc++";
				CLANG_ENABLE_MODULES = YES;
				CLANG_ENABLE_OBJC_ARC = YES;
				CLANG_WARN_BOOL_CONVERSION = YES;
				CLANG_WARN_CONSTANT_CONVERSION = YES;
				CLANG_WARN_DIRECT_OBJC_ISA_USAGE = YES_ERROR;
				CLANG_WARN_EMPTY_BODY = YES;
				CLANG_WARN_ENUM_CONVERSION = YES;
				CLANG_WARN_INT_CONVERSION = YES;
				CLANG_WARN_OBJC_ROOT_CLASS = YES_ERROR;
				CLANG_WARN_UNREACHABLE_CODE = YES;
				CLANG_WARN__DUPLICATE_METHOD_MATCH = YES;
				COPY_PHASE_STRIP = NO;
				DEBUG_INFORMATION_FORMAT = "dwarf-with-dsym";
				ENABLE_NS_ASSERTIONS = NO;
				ENABLE_STRICT_OBJC_MSGSEND = YES;
				GCC_C_LANGUAGE_STANDARD = gnu99;
				GCC_NO_COMMON_BLOCKS = YES;
				GCC_WARN_64_TO_32_BIT_CONVERSION = YES;
				GCC_WARN_ABOUT_RETURN_TYPE = YES_ERROR;
				GCC_WARN_UNDECLARED_SELECTOR = YES;
				GCC_WARN_UNINITIALIZED_AUTOS = YES_AGGRESSIVE;
				GCC_WARN_UNUSED_FUNCTION = YES;
				GCC_WARN_UNUSED_VARIABLE = YES;
				IPHONEOS_DEPLOYMENT_TARGET = 8.3;
				MTL_ENABLE_DEBUG_INFO = NO;
				SDKROOT = iphoneos;
				VALIDATE_PRODUCT = YES;
			};
			name = Release;
		};
		04DA60A11B179CE500D9BCA2 /* Debug */ = {
			isa = XCBuildConfiguration;
			buildSettings = {
				OTHER_LDFLAGS = "-ObjC";
				PRODUCT_NAME = "$(TARGET_NAME)";
				SKIP_INSTALL = YES;
			};
			name = Debug;
		};
		04DA60A21B179CE500D9BCA2 /* Release */ = {
			isa = XCBuildConfiguration;
			buildSettings = {
				OTHER_LDFLAGS = "-ObjC";
				PRODUCT_NAME = "$(TARGET_NAME)";
				SKIP_INSTALL = YES;
			};
			name = Release;
		};
		04DA60A41B179CE500D9BCA2 /* Debug */ = {
			isa = XCBuildConfiguration;
			buildSettings = {
				"CODE_SIGN_IDENTITY[sdk=iphoneos*]" = "iPhone Developer";
				FRAMEWORK_SEARCH_PATHS = (
					"$(SDKROOT)/Developer/Library/Frameworks",
					"$(inherited)",
				);
				GCC_PREPROCESSOR_DEFINITIONS = (
					"DEBUG=1",
					"$(inherited)",
				);
				INFOPLIST_FILE = "wkb-iosTests/Info.plist";
				LD_RUNPATH_SEARCH_PATHS = "$(inherited) @executable_path/Frameworks @loader_path/Frameworks";
				PRODUCT_NAME = "$(TARGET_NAME)";
			};
			name = Debug;
		};
		04DA60A51B179CE500D9BCA2 /* Release */ = {
			isa = XCBuildConfiguration;
			buildSettings = {
				"CODE_SIGN_IDENTITY[sdk=iphoneos*]" = "iPhone Developer";
				FRAMEWORK_SEARCH_PATHS = (
					"$(SDKROOT)/Developer/Library/Frameworks",
					"$(inherited)",
				);
				INFOPLIST_FILE = "wkb-iosTests/Info.plist";
				LD_RUNPATH_SEARCH_PATHS = "$(inherited) @executable_path/Frameworks @loader_path/Frameworks";
				PRODUCT_NAME = "$(TARGET_NAME)";
			};
			name = Release;
		};
/* End XCBuildConfiguration section */

/* Begin XCConfigurationList section */
		04DA60871B179CE500D9BCA2 /* Build configuration list for PBXProject "wkb-ios" */ = {
			isa = XCConfigurationList;
			buildConfigurations = (
				04DA609E1B179CE500D9BCA2 /* Debug */,
				04DA609F1B179CE500D9BCA2 /* Release */,
			);
			defaultConfigurationIsVisible = 0;
			defaultConfigurationName = Release;
		};
		04DA60A01B179CE500D9BCA2 /* Build configuration list for PBXNativeTarget "wkb-ios" */ = {
			isa = XCConfigurationList;
			buildConfigurations = (
				04DA60A11B179CE500D9BCA2 /* Debug */,
				04DA60A21B179CE500D9BCA2 /* Release */,
			);
			defaultConfigurationIsVisible = 0;
			defaultConfigurationName = Release;
		};
		04DA60A31B179CE500D9BCA2 /* Build configuration list for PBXNativeTarget "wkb-iosTests" */ = {
			isa = XCConfigurationList;
			buildConfigurations = (
				04DA60A41B179CE500D9BCA2 /* Debug */,
				04DA60A51B179CE500D9BCA2 /* Release */,
			);
			defaultConfigurationIsVisible = 0;
			defaultConfigurationName = Release;
		};
/* End XCConfigurationList section */
	};
	rootObject = 04DA60841B179CE500D9BCA2 /* Project object */;
}
